
Microsoft Visual Studio Solution File, Format Version 12.00
# Visual Studio 15
VisualStudioVersion = 15.0.28010.2019
MinimumVisualStudioVersion = 10.0.40219.1
Project("{8BC9CEB8-8B4A-11D0-8D11-00A0C91BC942}") = "HTTPS_Curl_Multi", "HTTPS_Curl_Multi\HTTPS_Curl_Multi.vcxproj", "{4B769B01-3181-4552-AB60-3D10BB0ACC9C}"
	ProjectSection(ProjectDependencies) = postProject
		{EAED6D0C-D9C8-4901-B7D8-F8610AFCEAE6} = {EAED6D0C-D9C8-4901-B7D8-F8610AFCEAE6}
	EndProjectSection
EndProject
Project("{8BC9CEB8-8B4A-11D0-8D11-00A0C91BC942}") = "wolfssl", "wolfssl\wolfssl.vcxproj", "{EAED6D0C-D9C8-4901-B7D8-F8610AFCEAE6}"
EndProject
Project("{8BC9CEB8-8B4A-11D0-8D11-00A0C91BC942}") = "wolfcrypt_test", "wolfssl\wolfcrypt_test\wolfcrypt_test.vcxproj", "{CD96C02B-1FC9-424E-88BE-816BE143A1C3}"
	ProjectSection(ProjectDependencies) = postProject
		{EAED6D0C-D9C8-4901-B7D8-F8610AFCEAE6} = {EAED6D0C-D9C8-4901-B7D8-F8610AFCEAE6}
	EndProjectSection
EndProject
Global
	GlobalSection(SolutionConfigurationPlatforms) = preSolution
		Debug|ARM = Debug|ARM
		Release|ARM = Release|ARM
	EndGlobalSection
	GlobalSection(ProjectConfigurationPlatforms) = postSolution
		{4B769B01-3181-4552-AB60-3D10BB0ACC9C}.Debug|ARM.ActiveCfg = Debug|ARM
		{4B769B01-3181-4552-AB60-3D10BB0ACC9C}.Debug|ARM.Build.0 = Debug|ARM
		{4B769B01-3181-4552-AB60-3D10BB0ACC9C}.Release|ARM.ActiveCfg = Release|ARM
		{4B769B01-3181-4552-AB60-3D10BB0ACC9C}.Release|ARM.Build.0 = Release|ARM
		{EAED6D0C-D9C8-4901-B7D8-F8610AFCEAE6}.Debug|ARM.ActiveCfg = Debug|ARM
		{EAED6D0C-D9C8-4901-B7D8-F8610AFCEAE6}.Debug|ARM.Build.0 = Debug|ARM
		{EAED6D0C-D9C8-4901-B7D8-F8610AFCEAE6}.Release|ARM.ActiveCfg = Release|ARM
		{EAED6D0C-D9C8-4901-B7D8-F8610AFCEAE6}.Release|ARM.Build.0 = Release|ARM
		{CD96C02B-1FC9-424E-88BE-816BE143A1C3}.Debug|ARM.ActiveCfg = Debug|ARM
		{CD96C02B-1FC9-424E-88BE-816BE143A1C3}.Debug|ARM.Build.0 = Debug|ARM
		{CD96C02B-1FC9-424E-88BE-816BE143A1C3}.Release|ARM.ActiveCfg = Release|ARM
		{CD96C02B-1FC9-424E-88BE-816BE143A1C3}.Release|ARM.Build.0 = Release|ARM
	EndGlobalSection
	GlobalSection(SolutionProperties) = preSolution
		HideSolutionNode = FALSE
	EndGlobalSection
	GlobalSection(ExtensibilityGlobals) = postSolution
		SolutionGuid = {1C3ECDF8-396B-402B-85EA-00AD3726D82F}
	EndGlobalSection
EndGlobal
